
Microsoft Visual Studio Solution File, Format Version 12.00
# Visual Studio 15
VisualStudioVersion = 15.0.27428.2015
MinimumVisualStudioVersion = 10.0.40219.1
Project("{F184B08F-C81C-45F6-A57F-5ABD9991F28F}") = "Utility", "Utility\Utility.vbproj", "{C743BDE9-D530-4FDB-A2AD-B5B3BF77ED45}"
EndProject
Global
	GlobalSection(SolutionConfigurationPlatforms) = preSolution
		Debug|Any CPU = Debug|Any CPU
		Release|Any CPU = Release|Any CPU
	EndGlobalSection
	GlobalSection(ProjectConfigurationPlatforms) = postSolution
		{C743BDE9-D530-4FDB-A2AD-B5B3BF77ED45}.Debug|Any CPU.ActiveCfg = Debug|Any CPU
		{C743BDE9-D530-4FDB-A2AD-B5B3BF77ED45}.Debug|Any CPU.Build.0 = Debug|Any CPU
		{C743BDE9-D530-4FDB-A2AD-B5B3BF77ED45}.Release|Any CPU.ActiveCfg = Release|Any CPU
		{C743BDE9-D530-4FDB-A2AD-B5B3BF77ED45}.Release|Any CPU.Build.0 = Release|Any CPU
	EndGlobalSection
	GlobalSection(SolutionProperties) = preSolution
		HideSolutionNode = FALSE
	EndGlobalSection
	GlobalSection(ExtensibilityGlobals) = postSolution
		SolutionGuid = {4A071718-682E-4E9B-B746-F7536ABF0CC3}
	EndGlobalSection
EndGlobal
