
Microsoft Visual Studio Solution File, Format Version 12.00
# Visual Studio 15
VisualStudioVersion = 15.0.27428.2015
MinimumVisualStudioVersion = 10.0.40219.1
Project("{D954291E-2A0B-460D-934E-DC6B0785DB48}") = "Utility", "Utility.shproj", "{7B005E07-9EDF-4A7B-A49E-A7A2395F3C71}"
EndProject
Global
	GlobalSection(SharedMSBuildProjectFiles) = preSolution
		Utility.projitems*{7b005e07-9edf-4a7b-a49e-a7a2395f3c71}*SharedItemsImports = 13
	EndGlobalSection
	GlobalSection(SolutionProperties) = preSolution
		HideSolutionNode = FALSE
	EndGlobalSection
	GlobalSection(ExtensibilityGlobals) = postSolution
		SolutionGuid = {D395D111-DDAB-4DB9-ACBA-9839000A4844}
	EndGlobalSection
EndGlobal
